// !$*UTF8*$!
{
	archiveVersion = 1;
	classes = {
	};
	objectVersion = 51;
	objects = {

/* Begin PBXBuildFile section */
		92EFE5ECF25BAB57CAAF0B31 /* Pods_MoyaNetworkLayerExample.framework in Frameworks */ = {isa = PBXBuildFile; fileRef = FF861601D908AFA431721F81 /* Pods_MoyaNetworkLayerExample.framework */; };
		A544FB33230D6CB300D1929C /* AppDelegate.swift in Sources */ = {isa = PBXBuildFile; fileRef = A544FB32230D6CB300D1929C /* AppDelegate.swift */; };
		A544FB35230D6CB300D1929C /* ListViewController.swift in Sources */ = {isa = PBXBuildFile; fileRef = A544FB34230D6CB300D1929C /* ListViewController.swift */; };
		A544FB3A230D6CB400D1929C /* Assets.xcassets in Resources */ = {isa = PBXBuildFile; fileRef = A544FB39230D6CB400D1929C /* Assets.xcassets */; };
		A544FB3D230D6CB400D1929C /* LaunchScreen.storyboard in Resources */ = {isa = PBXBuildFile; fileRef = A544FB3B230D6CB400D1929C /* LaunchScreen.storyboard */; };
		A544FB46230D6D6F00D1929C /* ListViewModel.swift in Sources */ = {isa = PBXBuildFile; fileRef = A544FB45230D6D6F00D1929C /* ListViewModel.swift */; };
		A544FB49230D75BE00D1929C /* ApiProvider.swift in Sources */ = {isa = PBXBuildFile; fileRef = A544FB48230D75BE00D1929C /* ApiProvider.swift */; };
		A544FB4B230D769400D1929C /* DataResponse.swift in Sources */ = {isa = PBXBuildFile; fileRef = A544FB4A230D769400D1929C /* DataResponse.swift */; };
		A544FB4E230D771A00D1929C /* ListTarget.swift in Sources */ = {isa = PBXBuildFile; fileRef = A544FB4D230D771A00D1929C /* ListTarget.swift */; };
		A544FB51230D77F800D1929C /* ListApiProvider.swift in Sources */ = {isa = PBXBuildFile; fileRef = A544FB50230D77F800D1929C /* ListApiProvider.swift */; };
		A544FB54230D787400D1929C /* Country.swift in Sources */ = {isa = PBXBuildFile; fileRef = A544FB53230D787400D1929C /* Country.swift */; };
		A544FB56230D7CF200D1929C /* ListTableViewCell.swift in Sources */ = {isa = PBXBuildFile; fileRef = A544FB55230D7CF200D1929C /* ListTableViewCell.swift */; };
/* End PBXBuildFile section */

/* Begin PBXFileReference section */
		1649CFBF860DC518AD8D67AB /* Pods-MoyaNetworkLayerExample.release.xcconfig */ = {isa = PBXFileReference; includeInIndex = 1; lastKnownFileType = text.xcconfig; name = "Pods-MoyaNetworkLayerExample.release.xcconfig"; path = "Target Support Files/Pods-MoyaNetworkLayerExample/Pods-MoyaNetworkLayerExample.release.xcconfig"; sourceTree = "<group>"; };
		A544FB2F230D6CB300D1929C /* MoyaNetworkLayerExample.app */ = {isa = PBXFileReference; explicitFileType = wrapper.application; includeInIndex = 0; path = MoyaNetworkLayerExample.app; sourceTree = BUILT_PRODUCTS_DIR; };
		A544FB32230D6CB300D1929C /* AppDelegate.swift */ = {isa = PBXFileReference; lastKnownFileType = sourcecode.swift; path = AppDelegate.swift; sourceTree = "<group>"; };
		A544FB34230D6CB300D1929C /* ListViewController.swift */ = {isa = PBXFileReference; lastKnownFileType = sourcecode.swift; path = ListViewController.swift; sourceTree = "<group>"; };
		A544FB39230D6CB400D1929C /* Assets.xcassets */ = {isa = PBXFileReference; lastKnownFileType = folder.assetcatalog; path = Assets.xcassets; sourceTree = "<group>"; };
		A544FB3C230D6CB400D1929C /* Base */ = {isa = PBXFileReference; lastKnownFileType = file.storyboard; name = Base; path = Base.lproj/LaunchScreen.storyboard; sourceTree = "<group>"; };
		A544FB3E230D6CB400D1929C /* Info.plist */ = {isa = PBXFileReference; lastKnownFileType = text.plist.xml; path = Info.plist; sourceTree = "<group>"; };
		A544FB45230D6D6F00D1929C /* ListViewModel.swift */ = {isa = PBXFileReference; lastKnownFileType = sourcecode.swift; path = ListViewModel.swift; sourceTree = "<group>"; };
		A544FB48230D75BE00D1929C /* ApiProvider.swift */ = {isa = PBXFileReference; lastKnownFileType = sourcecode.swift; path = ApiProvider.swift; sourceTree = "<group>"; };
		A544FB4A230D769400D1929C /* DataResponse.swift */ = {isa = PBXFileReference; lastKnownFileType = sourcecode.swift; path = DataResponse.swift; sourceTree = "<group>"; };
		A544FB4D230D771A00D1929C /* ListTarget.swift */ = {isa = PBXFileReference; lastKnownFileType = sourcecode.swift; path = ListTarget.swift; sourceTree = "<group>"; };
		A544FB50230D77F800D1929C /* ListApiProvider.swift */ = {isa = PBXFileReference; lastKnownFileType = sourcecode.swift; path = ListApiProvider.swift; sourceTree = "<group>"; };
		A544FB53230D787400D1929C /* Country.swift */ = {isa = PBXFileReference; lastKnownFileType = sourcecode.swift; path = Country.swift; sourceTree = "<group>"; };
		A544FB55230D7CF200D1929C /* ListTableViewCell.swift */ = {isa = PBXFileReference; lastKnownFileType = sourcecode.swift; path = ListTableViewCell.swift; sourceTree = "<group>"; };
		F03E542565A39296DE3FF5D2 /* Pods-MoyaNetworkLayerExample.debug.xcconfig */ = {isa = PBXFileReference; includeInIndex = 1; lastKnownFileType = text.xcconfig; name = "Pods-MoyaNetworkLayerExample.debug.xcconfig"; path = "Target Support Files/Pods-MoyaNetworkLayerExample/Pods-MoyaNetworkLayerExample.debug.xcconfig"; sourceTree = "<group>"; };
		FF861601D908AFA431721F81 /* Pods_MoyaNetworkLayerExample.framework */ = {isa = PBXFileReference; explicitFileType = wrapper.framework; includeInIndex = 0; path = Pods_MoyaNetworkLayerExample.framework; sourceTree = BUILT_PRODUCTS_DIR; };
/* End PBXFileReference section */

/* Begin PBXFrameworksBuildPhase section */
		A544FB2C230D6CB300D1929C /* Frameworks */ = {
			isa = PBXFrameworksBuildPhase;
			buildActionMask = 2147483647;
			files = (
				92EFE5ECF25BAB57CAAF0B31 /* Pods_MoyaNetworkLayerExample.framework in Frameworks */,
			);
			runOnlyForDeploymentPostprocessing = 0;
		};
/* End PBXFrameworksBuildPhase section */

/* Begin PBXGroup section */
		0166600FBA056EDD203BB220 /* Frameworks */ = {
			isa = PBXGroup;
			children = (
				FF861601D908AFA431721F81 /* Pods_MoyaNetworkLayerExample.framework */,
			);
			name = Frameworks;
			sourceTree = "<group>";
		};
		856B5BA937FC3E6C888D9226 /* Pods */ = {
			isa = PBXGroup;
			children = (
				F03E542565A39296DE3FF5D2 /* Pods-MoyaNetworkLayerExample.debug.xcconfig */,
				1649CFBF860DC518AD8D67AB /* Pods-MoyaNetworkLayerExample.release.xcconfig */,
			);
			path = Pods;
			sourceTree = "<group>";
		};
		A544FB26230D6CB300D1929C = {
			isa = PBXGroup;
			children = (
				A544FB31230D6CB300D1929C /* MoyaNetworkLayerExample */,
				A544FB30230D6CB300D1929C /* Products */,
				856B5BA937FC3E6C888D9226 /* Pods */,
				0166600FBA056EDD203BB220 /* Frameworks */,
			);
			sourceTree = "<group>";
		};
		A544FB30230D6CB300D1929C /* Products */ = {
			isa = PBXGroup;
			children = (
				A544FB2F230D6CB300D1929C /* MoyaNetworkLayerExample.app */,
			);
			name = Products;
			sourceTree = "<group>";
		};
		A544FB31230D6CB300D1929C /* MoyaNetworkLayerExample */ = {
			isa = PBXGroup;
			children = (
				A544FB47230D6D7300D1929C /* Network */,
				A544FB44230D6D4000D1929C /* List */,
				A544FB32230D6CB300D1929C /* AppDelegate.swift */,
				A544FB39230D6CB400D1929C /* Assets.xcassets */,
				A544FB3B230D6CB400D1929C /* LaunchScreen.storyboard */,
				A544FB3E230D6CB400D1929C /* Info.plist */,
			);
			path = MoyaNetworkLayerExample;
			sourceTree = "<group>";
		};
		A544FB44230D6D4000D1929C /* List */ = {
			isa = PBXGroup;
			children = (
				A544FB34230D6CB300D1929C /* ListViewController.swift */,
				A544FB45230D6D6F00D1929C /* ListViewModel.swift */,
				A544FB55230D7CF200D1929C /* ListTableViewCell.swift */,
			);
			path = List;
			sourceTree = "<group>";
		};
		A544FB47230D6D7300D1929C /* Network */ = {
			isa = PBXGroup;
			children = (
				A544FB52230D786100D1929C /* Codable */,
				A544FB4F230D77EB00D1929C /* List */,
				A544FB4C230D770A00D1929C /* Targets */,
				A544FB48230D75BE00D1929C /* ApiProvider.swift */,
				A544FB4A230D769400D1929C /* DataResponse.swift */,
			);
			path = Network;
			sourceTree = "<group>";
		};
		A544FB4C230D770A00D1929C /* Targets */ = {
			isa = PBXGroup;
			children = (
				A544FB4D230D771A00D1929C /* ListTarget.swift */,
			);
			path = Targets;
			sourceTree = "<group>";
		};
		A544FB4F230D77EB00D1929C /* List */ = {
			isa = PBXGroup;
			children = (
				A544FB50230D77F800D1929C /* ListApiProvider.swift */,
			);
			path = List;
			sourceTree = "<group>";
		};
		A544FB52230D786100D1929C /* Codable */ = {
			isa = PBXGroup;
			children = (
				A544FB53230D787400D1929C /* Country.swift */,
			);
			path = Codable;
			sourceTree = "<group>";
		};
/* End PBXGroup section */

/* Begin PBXNativeTarget section */
		A544FB2E230D6CB300D1929C /* MoyaNetworkLayerExample */ = {
			isa = PBXNativeTarget;
			buildConfigurationList = A544FB41230D6CB400D1929C /* Build configuration list for PBXNativeTarget "MoyaNetworkLayerExample" */;
			buildPhases = (
				1B4AF4CF85E1C49FCB08AF11 /* [CP] Check Pods Manifest.lock */,
				A544FB2B230D6CB300D1929C /* Sources */,
				A544FB2C230D6CB300D1929C /* Frameworks */,
				A544FB2D230D6CB300D1929C /* Resources */,
				E9A3DF6E29AB15F550FC0AFB /* [CP] Embed Pods Frameworks */,
			);
			buildRules = (
			);
			dependencies = (
			);
			name = MoyaNetworkLayerExample;
			productName = MoyaNetworkLayerExample;
			productReference = A544FB2F230D6CB300D1929C /* MoyaNetworkLayerExample.app */;
			productType = "com.apple.product-type.application";
		};
/* End PBXNativeTarget section */

/* Begin PBXProject section */
		A544FB27230D6CB300D1929C /* Project object */ = {
			isa = PBXProject;
			attributes = {
				LastSwiftUpdateCheck = 1030;
				LastUpgradeCheck = 1030;
				ORGANIZATIONNAME = devnex;
				TargetAttributes = {
					A544FB2E230D6CB300D1929C = {
						CreatedOnToolsVersion = 10.3;
					};
				};
			};
			buildConfigurationList = A544FB2A230D6CB300D1929C /* Build configuration list for PBXProject "MoyaNetworkLayerExample" */;
			compatibilityVersion = "Xcode 9.3";
			developmentRegion = en;
			hasScannedForEncodings = 0;
			knownRegions = (
				en,
				Base,
			);
			mainGroup = A544FB26230D6CB300D1929C;
			productRefGroup = A544FB30230D6CB300D1929C /* Products */;
			projectDirPath = "";
			projectRoot = "";
			targets = (
				A544FB2E230D6CB300D1929C /* MoyaNetworkLayerExample */,
			);
		};
/* End PBXProject section */

/* Begin PBXResourcesBuildPhase section */
		A544FB2D230D6CB300D1929C /* Resources */ = {
			isa = PBXResourcesBuildPhase;
			buildActionMask = 2147483647;
			files = (
				A544FB3D230D6CB400D1929C /* LaunchScreen.storyboard in Resources */,
				A544FB3A230D6CB400D1929C /* Assets.xcassets in Resources */,
			);
			runOnlyForDeploymentPostprocessing = 0;
		};
/* End PBXResourcesBuildPhase section */

/* Begin PBXShellScriptBuildPhase section */
		1B4AF4CF85E1C49FCB08AF11 /* [CP] Check Pods Manifest.lock */ = {
			isa = PBXShellScriptBuildPhase;
			buildActionMask = 2147483647;
			files = (
			);
			inputFileListPaths = (
			);
			inputPaths = (
				"${PODS_PODFILE_DIR_PATH}/Podfile.lock",
				"${PODS_ROOT}/Manifest.lock",
			);
			name = "[CP] Check Pods Manifest.lock";
			outputFileListPaths = (
			);
			outputPaths = (
				"$(DERIVED_FILE_DIR)/Pods-MoyaNetworkLayerExample-checkManifestLockResult.txt",
			);
			runOnlyForDeploymentPostprocessing = 0;
			shellPath = /bin/sh;
			shellScript = "diff \"${PODS_PODFILE_DIR_PATH}/Podfile.lock\" \"${PODS_ROOT}/Manifest.lock\" > /dev/null\nif [ $? != 0 ] ; then\n    # print error to STDERR\n    echo \"error: The sandbox is not in sync with the Podfile.lock. Run 'pod install' or update your CocoaPods installation.\" >&2\n    exit 1\nfi\n# This output is used by Xcode 'outputs' to avoid re-running this script phase.\necho \"SUCCESS\" > \"${SCRIPT_OUTPUT_FILE_0}\"\n";
			showEnvVarsInLog = 0;
		};
		E9A3DF6E29AB15F550FC0AFB /* [CP] Embed Pods Frameworks */ = {
			isa = PBXShellScriptBuildPhase;
			buildActionMask = 2147483647;
			files = (
			);
			inputFileListPaths = (
				"${PODS_ROOT}/Target Support Files/Pods-MoyaNetworkLayerExample/Pods-MoyaNetworkLayerExample-frameworks-${CONFIGURATION}-input-files.xcfilelist",
			);
			name = "[CP] Embed Pods Frameworks";
			outputFileListPaths = (
				"${PODS_ROOT}/Target Support Files/Pods-MoyaNetworkLayerExample/Pods-MoyaNetworkLayerExample-frameworks-${CONFIGURATION}-output-files.xcfilelist",
			);
			runOnlyForDeploymentPostprocessing = 0;
			shellPath = /bin/sh;
			shellScript = "\"${PODS_ROOT}/Target Support Files/Pods-MoyaNetworkLayerExample/Pods-MoyaNetworkLayerExample-frameworks.sh\"\n";
			showEnvVarsInLog = 0;
		};
/* End PBXShellScriptBuildPhase section */

/* Begin PBXSourcesBuildPhase section */
		A544FB2B230D6CB300D1929C /* Sources */ = {
			isa = PBXSourcesBuildPhase;
			buildActionMask = 2147483647;
			files = (
				A544FB35230D6CB300D1929C /* ListViewController.swift in Sources */,
				A544FB49230D75BE00D1929C /* ApiProvider.swift in Sources */,
				A544FB54230D787400D1929C /* Country.swift in Sources */,
				A544FB4E230D771A00D1929C /* ListTarget.swift in Sources */,
				A544FB33230D6CB300D1929C /* AppDelegate.swift in Sources */,
				A544FB56230D7CF200D1929C /* ListTableViewCell.swift in Sources */,
				A544FB51230D77F800D1929C /* ListApiProvider.swift in Sources */,
				A544FB4B230D769400D1929C /* DataResponse.swift in Sources */,
				A544FB46230D6D6F00D1929C /* ListViewModel.swift in Sources */,
			);
			runOnlyForDeploymentPostprocessing = 0;
		};
/* End PBXSourcesBuildPhase section */

/* Begin PBXVariantGroup section */
		A544FB3B230D6CB400D1929C /* LaunchScreen.storyboard */ = {
			isa = PBXVariantGroup;
			children = (
				A544FB3C230D6CB400D1929C /* Base */,
			);
			name = LaunchScreen.storyboard;
			sourceTree = "<group>";
		};
/* End PBXVariantGroup section */

/* Begin XCBuildConfiguration section */
		A544FB3F230D6CB400D1929C /* Debug */ = {
			isa = XCBuildConfiguration;
			buildSettings = {
				ALWAYS_SEARCH_USER_PATHS = NO;
				CLANG_ANALYZER_NONNULL = YES;
				CLANG_ANALYZER_NUMBER_OBJECT_CONVERSION = YES_AGGRESSIVE;
				CLANG_CXX_LANGUAGE_STANDARD = "gnu++14";
				CLANG_CXX_LIBRARY = "libc++";
				CLANG_ENABLE_MODULES = YES;
				CLANG_ENABLE_OBJC_ARC = YES;
				CLANG_ENABLE_OBJC_WEAK = YES;
				CLANG_WARN_BLOCK_CAPTURE_AUTORELEASING = YES;
				CLANG_WARN_BOOL_CONVERSION = YES;
				CLANG_WARN_COMMA = YES;
				CLANG_WARN_CONSTANT_CONVERSION = YES;
				CLANG_WARN_DEPRECATED_OBJC_IMPLEMENTATIONS = YES;
				CLANG_WARN_DIRECT_OBJC_ISA_USAGE = YES_ERROR;
				CLANG_WARN_DOCUMENTATION_COMMENTS = YES;
				CLANG_WARN_EMPTY_BODY = YES;
				CLANG_WARN_ENUM_CONVERSION = YES;
				CLANG_WARN_INFINITE_RECURSION = YES;
				CLANG_WARN_INT_CONVERSION = YES;
				CLANG_WARN_NON_LITERAL_NULL_CONVERSION = YES;
				CLANG_WARN_OBJC_IMPLICIT_RETAIN_SELF = YES;
				CLANG_WARN_OBJC_LITERAL_CONVERSION = YES;
				CLANG_WARN_OBJC_ROOT_CLASS = YES_ERROR;
				CLANG_WARN_RANGE_LOOP_ANALYSIS = YES;
				CLANG_WARN_STRICT_PROTOTYPES = YES;
				CLANG_WARN_SUSPICIOUS_MOVE = YES;
				CLANG_WARN_UNGUARDED_AVAILABILITY = YES_AGGRESSIVE;
				CLANG_WARN_UNREACHABLE_CODE = YES;
				CLANG_WARN__DUPLICATE_METHOD_MATCH = YES;
				CODE_SIGN_IDENTITY = "iPhone Developer";
				COPY_PHASE_STRIP = NO;
				DEBUG_INFORMATION_FORMAT = dwarf;
				ENABLE_STRICT_OBJC_MSGSEND = YES;
				ENABLE_TESTABILITY = YES;
				GCC_C_LANGUAGE_STANDARD = gnu11;
				GCC_DYNAMIC_NO_PIC = NO;
				GCC_NO_COMMON_BLOCKS = YES;
				GCC_OPTIMIZATION_LEVEL = 0;
				GCC_PREPROCESSOR_DEFINITIONS = (
					"DEBUG=1",
					"$(inherited)",
				);
				GCC_WARN_64_TO_32_BIT_CONVERSION = YES;
				GCC_WARN_ABOUT_RETURN_TYPE = YES_ERROR;
				GCC_WARN_UNDECLARED_SELECTOR = YES;
				GCC_WARN_UNINITIALIZED_AUTOS = YES_AGGRESSIVE;
				GCC_WARN_UNUSED_FUNCTION = YES;
				GCC_WARN_UNUSED_VARIABLE = YES;
				IPHONEOS_DEPLOYMENT_TARGET = 12.4;
				MTL_ENABLE_DEBUG_INFO = INCLUDE_SOURCE;
				MTL_FAST_MATH = YES;
				ONLY_ACTIVE_ARCH = YES;
				SDKROOT = iphoneos;
				SWIFT_ACTIVE_COMPILATION_CONDITIONS = DEBUG;
				SWIFT_OPTIMIZATION_LEVEL = "-Onone";
			};
			name = Debug;
		};
		A544FB40230D6CB400D1929C /* Release */ = {
			isa = XCBuildConfiguration;
			buildSettings = {
				ALWAYS_SEARCH_USER_PATHS = NO;
				CLANG_ANALYZER_NONNULL = YES;
				CLANG_ANALYZER_NUMBER_OBJECT_CONVERSION = YES_AGGRESSIVE;
				CLANG_CXX_LANGUAGE_STANDARD = "gnu++14";
				CLANG_CXX_LIBRARY = "libc++";
				CLANG_ENABLE_MODULES = YES;
				CLANG_ENABLE_OBJC_ARC = YES;
				CLANG_ENABLE_OBJC_WEAK = YES;
				CLANG_WARN_BLOCK_CAPTURE_AUTORELEASING = YES;
				CLANG_WARN_BOOL_CONVERSION = YES;
				CLANG_WARN_COMMA = YES;
				CLANG_WARN_CONSTANT_CONVERSION = YES;
				CLANG_WARN_DEPRECATED_OBJC_IMPLEMENTATIONS = YES;
				CLANG_WARN_DIRECT_OBJC_ISA_USAGE = YES_ERROR;
				CLANG_WARN_DOCUMENTATION_COMMENTS = YES;
				CLANG_WARN_EMPTY_BODY = YES;
				CLANG_WARN_ENUM_CONVERSION = YES;
				CLANG_WARN_INFINITE_RECURSION = YES;
				CLANG_WARN_INT_CONVERSION = YES;
				CLANG_WARN_NON_LITERAL_NULL_CONVERSION = YES;
				CLANG_WARN_OBJC_IMPLICIT_RETAIN_SELF = YES;
				CLANG_WARN_OBJC_LITERAL_CONVERSION = YES;
				CLANG_WARN_OBJC_ROOT_CLASS = YES_ERROR;
				CLANG_WARN_RANGE_LOOP_ANALYSIS = YES;
				CLANG_WARN_STRICT_PROTOTYPES = YES;
				CLANG_WARN_SUSPICIOUS_MOVE = YES;
				CLANG_WARN_UNGUARDED_AVAILABILITY = YES_AGGRESSIVE;
				CLANG_WARN_UNREACHABLE_CODE = YES;
				CLANG_WARN__DUPLICATE_METHOD_MATCH = YES;
				CODE_SIGN_IDENTITY = "iPhone Developer";
				COPY_PHASE_STRIP = NO;
				DEBUG_INFORMATION_FORMAT = "dwarf-with-dsym";
				ENABLE_NS_ASSERTIONS = NO;
				ENABLE_STRICT_OBJC_MSGSEND = YES;
				GCC_C_LANGUAGE_STANDARD = gnu11;
				GCC_NO_COMMON_BLOCKS = YES;
				GCC_WARN_64_TO_32_BIT_CONVERSION = YES;
				GCC_WARN_ABOUT_RETURN_TYPE = YES_ERROR;
				GCC_WARN_UNDECLARED_SELECTOR = YES;
				GCC_WARN_UNINITIALIZED_AUTOS = YES_AGGRESSIVE;
				GCC_WARN_UNUSED_FUNCTION = YES;
				GCC_WARN_UNUSED_VARIABLE = YES;
				IPHONEOS_DEPLOYMENT_TARGET = 12.4;
				MTL_ENABLE_DEBUG_INFO = NO;
				MTL_FAST_MATH = YES;
				SDKROOT = iphoneos;
				SWIFT_COMPILATION_MODE = wholemodule;
				SWIFT_OPTIMIZATION_LEVEL = "-O";
				VALIDATE_PRODUCT = YES;
			};
			name = Release;
		};
		A544FB42230D6CB400D1929C /* Debug */ = {
			isa = XCBuildConfiguration;
			baseConfigurationReference = F03E542565A39296DE3FF5D2 /* Pods-MoyaNetworkLayerExample.debug.xcconfig */;
			buildSettings = {
				ASSETCATALOG_COMPILER_APPICON_NAME = AppIcon;
				CODE_SIGN_STYLE = Automatic;
				DEVELOPMENT_TEAM = 46869Y4379;
				INFOPLIST_FILE = MoyaNetworkLayerExample/Info.plist;
				IPHONEOS_DEPLOYMENT_TARGET = 11.0;
				LD_RUNPATH_SEARCH_PATHS = (
					"$(inherited)",
					"@executable_path/Frameworks",
				);
				PRODUCT_BUNDLE_IDENTIFIER = com.devnex.MoyaNetworkLayerExample;
				PRODUCT_NAME = "$(TARGET_NAME)";
				SWIFT_VERSION = 5.0;
				TARGETED_DEVICE_FAMILY = "1,2";
			};
			name = Debug;
		};
		A544FB43230D6CB400D1929C /* Release */ = {
			isa = XCBuildConfiguration;
			baseConfigurationReference = 1649CFBF860DC518AD8D67AB /* Pods-MoyaNetworkLayerExample.release.xcconfig */;
			buildSettings = {
				ASSETCATALOG_COMPILER_APPICON_NAME = AppIcon;
				CODE_SIGN_STYLE = Automatic;
				DEVELOPMENT_TEAM = 46869Y4379;
				INFOPLIST_FILE = MoyaNetworkLayerExample/Info.plist;
				IPHONEOS_DEPLOYMENT_TARGET = 11.0;
				LD_RUNPATH_SEARCH_PATHS = (
					"$(inherited)",
					"@executable_path/Frameworks",
				);
				PRODUCT_BUNDLE_IDENTIFIER = com.devnex.MoyaNetworkLayerExample;
				PRODUCT_NAME = "$(TARGET_NAME)";
				SWIFT_VERSION = 5.0;
				TARGETED_DEVICE_FAMILY = "1,2";
			};
			name = Release;
		};
/* End XCBuildConfiguration section */

/* Begin XCConfigurationList section */
		A544FB2A230D6CB300D1929C /* Build configuration list for PBXProject "MoyaNetworkLayerExample" */ = {
			isa = XCConfigurationList;
			buildConfigurations = (
				A544FB3F230D6CB400D1929C /* Debug */,
				A544FB40230D6CB400D1929C /* Release */,
			);
			defaultConfigurationIsVisible = 0;
			defaultConfigurationName = Release;
		};
		A544FB41230D6CB400D1929C /* Build configuration list for PBXNativeTarget "MoyaNetworkLayerExample" */ = {
			isa = XCConfigurationList;
			buildConfigurations = (
				A544FB42230D6CB400D1929C /* Debug */,
				A544FB43230D6CB400D1929C /* Release */,
			);
			defaultConfigurationIsVisible = 0;
			defaultConfigurationName = Release;
		};
/* End XCConfigurationList section */
	};
	rootObject = A544FB27230D6CB300D1929C /* Project object */;
}
